
Microsoft Visual Studio Solution File, Format Version 12.00
# Visual Studio 15
VisualStudioVersion = 15.0.34526.175
MinimumVisualStudioVersion = 10.0.40219.1
Project("{FAE04EC0-301F-11D3-BF4B-00C04F79EFBC}") = "MvcStok", "MvcStok\MvcStok.csproj", "{ED7D7ADB-8326-4E6D-98BE-7FB1B635B749}"
EndProject
Global
	GlobalSection(SolutionConfigurationPlatforms) = preSolution
		Debug|Any CPU = Debug|Any CPU
		Release|Any CPU = Release|Any CPU
	EndGlobalSection
	GlobalSection(ProjectConfigurationPlatforms) = postSolution
		{ED7D7ADB-8326-4E6D-98BE-7FB1B635B749}.Debug|Any CPU.ActiveCfg = Debug|Any CPU
		{ED7D7ADB-8326-4E6D-98BE-7FB1B635B749}.Debug|Any CPU.Build.0 = Debug|Any CPU
		{ED7D7ADB-8326-4E6D-98BE-7FB1B635B749}.Release|Any CPU.ActiveCfg = Release|Any CPU
		{ED7D7ADB-8326-4E6D-98BE-7FB1B635B749}.Release|Any CPU.Build.0 = Release|Any CPU
	EndGlobalSection
	GlobalSection(SolutionProperties) = preSolution
		HideSolutionNode = FALSE
	EndGlobalSection
	GlobalSection(ExtensibilityGlobals) = postSolution
		SolutionGuid = {77AA52D7-6F77-452C-B9ED-4CCD05117FCD}
	EndGlobalSection
EndGlobal
